
Microsoft Visual Studio Solution File, Format Version 12.00
# Visual Studio Version 17
VisualStudioVersion = 17.10.35013.160
MinimumVisualStudioVersion = 10.0.40219.1
Project("{FAE04EC0-301F-11D3-BF4B-00C04F79EFBC}") = "MiniMap", "MiniMap.csproj", "{505379E6-8F7E-4F4D-BF7B-016AE5857E68}"
EndProject
Global
	GlobalSection(SolutionConfigurationPlatforms) = preSolution
		Debug|Any CPU = Debug|Any CPU
		Release|Any CPU = Release|Any CPU
	EndGlobalSection
	GlobalSection(ProjectConfigurationPlatforms) = postSolution
		{505379E6-8F7E-4F4D-BF7B-016AE5857E68}.Debug|Any CPU.ActiveCfg = Debug|Any CPU
		{505379E6-8F7E-4F4D-BF7B-016AE5857E68}.Debug|Any CPU.Build.0 = Debug|Any CPU
		{505379E6-8F7E-4F4D-BF7B-016AE5857E68}.Release|Any CPU.ActiveCfg = Release|Any CPU
		{505379E6-8F7E-4F4D-BF7B-016AE5857E68}.Release|Any CPU.Build.0 = Release|Any CPU
	EndGlobalSection
	GlobalSection(SolutionProperties) = preSolution
		HideSolutionNode = FALSE
	EndGlobalSection
	GlobalSection(ExtensibilityGlobals) = postSolution
		SolutionGuid = {92AE5C5D-CF45-4868-8C1B-AF475B3377CC}
	EndGlobalSection
EndGlobal
